// !$*UTF8*$!
{
	archiveVersion = 1;
	classes = {
	};
	objectVersion = 46;
	objects = {

/* Begin PBXBuildFile section */
		2FE90B3D79294C93751B266F /* Pods_PokedexTests.framework in Frameworks */ = {isa = PBXBuildFile; fileRef = EF1BC8D939AE7012CB50AA23 /* Pods_PokedexTests.framework */; };
		53C051ED5D396D9B15CD872C /* Pods_PokedexUITests.framework in Frameworks */ = {isa = PBXBuildFile; fileRef = ED83CD9B562458FFD796B388 /* Pods_PokedexUITests.framework */; };
		56DE3DD05BDA0B7214D58359 /* Pods_Pokedex.framework in Frameworks */ = {isa = PBXBuildFile; fileRef = C5DE677C5AF232C955DE2658 /* Pods_Pokedex.framework */; };
		9963ECE11F27554600C62E04 /* PokeCell.swift in Sources */ = {isa = PBXBuildFile; fileRef = 9963ECE01F27554600C62E04 /* PokeCell.swift */; };
		99A8FD621F2610E6004CCC8E /* AppDelegate.swift in Sources */ = {isa = PBXBuildFile; fileRef = 99A8FD611F2610E6004CCC8E /* AppDelegate.swift */; };
		99A8FD641F2610E7004CCC8E /* ViewController.swift in Sources */ = {isa = PBXBuildFile; fileRef = 99A8FD631F2610E7004CCC8E /* ViewController.swift */; };
		99A8FD671F2610E7004CCC8E /* Main.storyboard in Resources */ = {isa = PBXBuildFile; fileRef = 99A8FD651F2610E7004CCC8E /* Main.storyboard */; };
		99A8FD691F2610E7004CCC8E /* Assets.xcassets in Resources */ = {isa = PBXBuildFile; fileRef = 99A8FD681F2610E7004CCC8E /* Assets.xcassets */; };
		99A8FD6C1F2610E7004CCC8E /* LaunchScreen.storyboard in Resources */ = {isa = PBXBuildFile; fileRef = 99A8FD6A1F2610E7004CCC8E /* LaunchScreen.storyboard */; };
		99A8FD771F2610E7004CCC8E /* PokedexTests.swift in Sources */ = {isa = PBXBuildFile; fileRef = 99A8FD761F2610E7004CCC8E /* PokedexTests.swift */; };
		99A8FD821F2610E7004CCC8E /* PokedexUITests.swift in Sources */ = {isa = PBXBuildFile; fileRef = 99A8FD811F2610E7004CCC8E /* PokedexUITests.swift */; };
		99A8FD901F262892004CCC8E /* pokemon.csv in Resources */ = {isa = PBXBuildFile; fileRef = 99A8FD8F1F262892004CCC8E /* pokemon.csv */; };
		99A8FD961F2647EA004CCC8E /* Pokemon.swift in Sources */ = {isa = PBXBuildFile; fileRef = 99A8FD951F2647EA004CCC8E /* Pokemon.swift */; };
		99A919A71F27715400EC7E55 /* csv.swift in Sources */ = {isa = PBXBuildFile; fileRef = 99A919A61F27715400EC7E55 /* csv.swift */; };
		99A919A91F2779C400EC7E55 /* pokemon.ttf in Resources */ = {isa = PBXBuildFile; fileRef = 99A919A81F2779C400EC7E55 /* pokemon.ttf */; };
		99A919AD1F277B4C00EC7E55 /* pokemon_solid.ttf in Resources */ = {isa = PBXBuildFile; fileRef = 99A919AC1F277B4C00EC7E55 /* pokemon_solid.ttf */; };
		99A919AF1F277C6A00EC7E55 /* music.mp3 in Resources */ = {isa = PBXBuildFile; fileRef = 99A919AE1F277C6A00EC7E55 /* music.mp3 */; };
		99A919B11F28A9F600EC7E55 /* PokemonDetailVC.swift in Sources */ = {isa = PBXBuildFile; fileRef = 99A919B01F28A9F600EC7E55 /* PokemonDetailVC.swift */; };
		99A919B31F29F2DE00EC7E55 /* Constants.swift in Sources */ = {isa = PBXBuildFile; fileRef = 99A919B21F29F2DE00EC7E55 /* Constants.swift */; };
/* End PBXBuildFile section */

/* Begin PBXContainerItemProxy section */
		99A8FD731F2610E7004CCC8E /* PBXContainerItemProxy */ = {
			isa = PBXContainerItemProxy;
			containerPortal = 99A8FD561F2610E6004CCC8E /* Project object */;
			proxyType = 1;
			remoteGlobalIDString = 99A8FD5D1F2610E6004CCC8E;
			remoteInfo = Pokedex;
		};
		99A8FD7E1F2610E7004CCC8E /* PBXContainerItemProxy */ = {
			isa = PBXContainerItemProxy;
			containerPortal = 99A8FD561F2610E6004CCC8E /* Project object */;
			proxyType = 1;
			remoteGlobalIDString = 99A8FD5D1F2610E6004CCC8E;
			remoteInfo = Pokedex;
		};
/* End PBXContainerItemProxy section */

/* Begin PBXFileReference section */
		3B612DEC3DE807A19EC1AB64 /* Pods-PokedexTests.release.xcconfig */ = {isa = PBXFileReference; includeInIndex = 1; lastKnownFileType = text.xcconfig; name = "Pods-PokedexTests.release.xcconfig"; path = "Pods/Target Support Files/Pods-PokedexTests/Pods-PokedexTests.release.xcconfig"; sourceTree = "<group>"; };
		3D5774D06402EFB1806F52F6 /* Pods-PokedexTests.debug.xcconfig */ = {isa = PBXFileReference; includeInIndex = 1; lastKnownFileType = text.xcconfig; name = "Pods-PokedexTests.debug.xcconfig"; path = "Pods/Target Support Files/Pods-PokedexTests/Pods-PokedexTests.debug.xcconfig"; sourceTree = "<group>"; };
		82EE68CAC1C65253DBF5F32F /* Pods-Pokedex.release.xcconfig */ = {isa = PBXFileReference; includeInIndex = 1; lastKnownFileType = text.xcconfig; name = "Pods-Pokedex.release.xcconfig"; path = "Pods/Target Support Files/Pods-Pokedex/Pods-Pokedex.release.xcconfig"; sourceTree = "<group>"; };
		9963ECE01F27554600C62E04 /* PokeCell.swift */ = {isa = PBXFileReference; fileEncoding = 4; lastKnownFileType = sourcecode.swift; path = PokeCell.swift; sourceTree = "<group>"; };
		99A8FD5E1F2610E6004CCC8E /* Pokedex.app */ = {isa = PBXFileReference; explicitFileType = wrapper.application; includeInIndex = 0; path = Pokedex.app; sourceTree = BUILT_PRODUCTS_DIR; };
		99A8FD611F2610E6004CCC8E /* AppDelegate.swift */ = {isa = PBXFileReference; lastKnownFileType = sourcecode.swift; path = AppDelegate.swift; sourceTree = "<group>"; };
		99A8FD631F2610E7004CCC8E /* ViewController.swift */ = {isa = PBXFileReference; lastKnownFileType = sourcecode.swift; path = ViewController.swift; sourceTree = "<group>"; };
		99A8FD661F2610E7004CCC8E /* Base */ = {isa = PBXFileReference; lastKnownFileType = file.storyboard; name = Base; path = Base.lproj/Main.storyboard; sourceTree = "<group>"; };
		99A8FD681F2610E7004CCC8E /* Assets.xcassets */ = {isa = PBXFileReference; lastKnownFileType = folder.assetcatalog; path = Assets.xcassets; sourceTree = "<group>"; };
		99A8FD6B1F2610E7004CCC8E /* Base */ = {isa = PBXFileReference; lastKnownFileType = file.storyboard; name = Base; path = Base.lproj/LaunchScreen.storyboard; sourceTree = "<group>"; };
		99A8FD6D1F2610E7004CCC8E /* Info.plist */ = {isa = PBXFileReference; lastKnownFileType = text.plist.xml; path = Info.plist; sourceTree = "<group>"; };
		99A8FD721F2610E7004CCC8E /* PokedexTests.xctest */ = {isa = PBXFileReference; explicitFileType = wrapper.cfbundle; includeInIndex = 0; path = PokedexTests.xctest; sourceTree = BUILT_PRODUCTS_DIR; };
		99A8FD761F2610E7004CCC8E /* PokedexTests.swift */ = {isa = PBXFileReference; lastKnownFileType = sourcecode.swift; path = PokedexTests.swift; sourceTree = "<group>"; };
		99A8FD781F2610E7004CCC8E /* Info.plist */ = {isa = PBXFileReference; lastKnownFileType = text.plist.xml; path = Info.plist; sourceTree = "<group>"; };
		99A8FD7D1F2610E7004CCC8E /* PokedexUITests.xctest */ = {isa = PBXFileReference; explicitFileType = wrapper.cfbundle; includeInIndex = 0; path = PokedexUITests.xctest; sourceTree = BUILT_PRODUCTS_DIR; };
		99A8FD811F2610E7004CCC8E /* PokedexUITests.swift */ = {isa = PBXFileReference; lastKnownFileType = sourcecode.swift; path = PokedexUITests.swift; sourceTree = "<group>"; };
		99A8FD831F2610E7004CCC8E /* Info.plist */ = {isa = PBXFileReference; lastKnownFileType = text.plist.xml; path = Info.plist; sourceTree = "<group>"; };
		99A8FD8F1F262892004CCC8E /* pokemon.csv */ = {isa = PBXFileReference; fileEncoding = 4; lastKnownFileType = text; name = pokemon.csv; path = "../../../../Downloads/pokeapi-master/data/v1/pokemon.csv"; sourceTree = "<group>"; };
		99A8FD951F2647EA004CCC8E /* Pokemon.swift */ = {isa = PBXFileReference; fileEncoding = 4; lastKnownFileType = sourcecode.swift; path = Pokemon.swift; sourceTree = "<group>"; };
		99A919A61F27715400EC7E55 /* csv.swift */ = {isa = PBXFileReference; fileEncoding = 4; lastKnownFileType = sourcecode.swift; name = csv.swift; path = "../../../../Downloads/csvswift-master/csv.swift"; sourceTree = "<group>"; };
		99A919A81F2779C400EC7E55 /* pokemon.ttf */ = {isa = PBXFileReference; lastKnownFileType = file; name = pokemon.ttf; path = ../../../../Downloads/pokemon/pokemon.ttf; sourceTree = "<group>"; };
		99A919AC1F277B4C00EC7E55 /* pokemon_solid.ttf */ = {isa = PBXFileReference; lastKnownFileType = file; name = pokemon_solid.ttf; path = ../../../../Downloads/pokemon/pokemon_solid.ttf; sourceTree = "<group>"; };
		99A919AE1F277C6A00EC7E55 /* music.mp3 */ = {isa = PBXFileReference; lastKnownFileType = audio.mp3; name = music.mp3; path = ../../../../Downloads/pokedex3/pokedex3/music.mp3; sourceTree = "<group>"; };
		99A919B01F28A9F600EC7E55 /* PokemonDetailVC.swift */ = {isa = PBXFileReference; fileEncoding = 4; lastKnownFileType = sourcecode.swift; path = PokemonDetailVC.swift; sourceTree = "<group>"; };
		99A919B21F29F2DE00EC7E55 /* Constants.swift */ = {isa = PBXFileReference; fileEncoding = 4; lastKnownFileType = sourcecode.swift; path = Constants.swift; sourceTree = "<group>"; };
		9A4D72D50AE27FFA682CB2E9 /* Pods-PokedexUITests.release.xcconfig */ = {isa = PBXFileReference; includeInIndex = 1; lastKnownFileType = text.xcconfig; name = "Pods-PokedexUITests.release.xcconfig"; path = "Pods/Target Support Files/Pods-PokedexUITests/Pods-PokedexUITests.release.xcconfig"; sourceTree = "<group>"; };
		BF999CAC0938CE8F1998DE3C /* Pods-Pokedex.debug.xcconfig */ = {isa = PBXFileReference; includeInIndex = 1; lastKnownFileType = text.xcconfig; name = "Pods-Pokedex.debug.xcconfig"; path = "Pods/Target Support Files/Pods-Pokedex/Pods-Pokedex.debug.xcconfig"; sourceTree = "<group>"; };
		C5DE677C5AF232C955DE2658 /* Pods_Pokedex.framework */ = {isa = PBXFileReference; explicitFileType = wrapper.framework; includeInIndex = 0; path = Pods_Pokedex.framework; sourceTree = BUILT_PRODUCTS_DIR; };
		D454855F5D726AF3EAD0E939 /* Pods-PokedexUITests.debug.xcconfig */ = {isa = PBXFileReference; includeInIndex = 1; lastKnownFileType = text.xcconfig; name = "Pods-PokedexUITests.debug.xcconfig"; path = "Pods/Target Support Files/Pods-PokedexUITests/Pods-PokedexUITests.debug.xcconfig"; sourceTree = "<group>"; };
		ED83CD9B562458FFD796B388 /* Pods_PokedexUITests.framework */ = {isa = PBXFileReference; explicitFileType = wrapper.framework; includeInIndex = 0; path = Pods_PokedexUITests.framework; sourceTree = BUILT_PRODUCTS_DIR; };
		EF1BC8D939AE7012CB50AA23 /* Pods_PokedexTests.framework */ = {isa = PBXFileReference; explicitFileType = wrapper.framework; includeInIndex = 0; path = Pods_PokedexTests.framework; sourceTree = BUILT_PRODUCTS_DIR; };
/* End PBXFileReference section */

/* Begin PBXFrameworksBuildPhase section */
		99A8FD5B1F2610E6004CCC8E /* Frameworks */ = {
			isa = PBXFrameworksBuildPhase;
			buildActionMask = 2147483647;
			files = (
				56DE3DD05BDA0B7214D58359 /* Pods_Pokedex.framework in Frameworks */,
			);
			runOnlyForDeploymentPostprocessing = 0;
		};
		99A8FD6F1F2610E7004CCC8E /* Frameworks */ = {
			isa = PBXFrameworksBuildPhase;
			buildActionMask = 2147483647;
			files = (
				2FE90B3D79294C93751B266F /* Pods_PokedexTests.framework in Frameworks */,
			);
			runOnlyForDeploymentPostprocessing = 0;
		};
		99A8FD7A1F2610E7004CCC8E /* Frameworks */ = {
			isa = PBXFrameworksBuildPhase;
			buildActionMask = 2147483647;
			files = (
				53C051ED5D396D9B15CD872C /* Pods_PokedexUITests.framework in Frameworks */,
			);
			runOnlyForDeploymentPostprocessing = 0;
		};
/* End PBXFrameworksBuildPhase section */

/* Begin PBXGroup section */
		99A8FD551F2610E6004CCC8E = {
			isa = PBXGroup;
			children = (
				99A8FD601F2610E6004CCC8E /* Pokedex */,
				99A8FD751F2610E7004CCC8E /* PokedexTests */,
				99A8FD801F2610E7004CCC8E /* PokedexUITests */,
				99A8FD5F1F2610E6004CCC8E /* Products */,
				FA0474232589099047AB0D64 /* Pods */,
				C6DCC61475C2E085F6CF7229 /* Frameworks */,
			);
			sourceTree = "<group>";
		};
		99A8FD5F1F2610E6004CCC8E /* Products */ = {
			isa = PBXGroup;
			children = (
				99A8FD5E1F2610E6004CCC8E /* Pokedex.app */,
				99A8FD721F2610E7004CCC8E /* PokedexTests.xctest */,
				99A8FD7D1F2610E7004CCC8E /* PokedexUITests.xctest */,
			);
			name = Products;
			sourceTree = "<group>";
		};
		99A8FD601F2610E6004CCC8E /* Pokedex */ = {
			isa = PBXGroup;
			children = (
				99A8FD941F2628C4004CCC8E /* Model */,
				99A8FD931F2628BA004CCC8E /* View */,
				99A8FD911F2628A0004CCC8E /* Controller */,
				99A919AA1F277A1100EC7E55 /* Resources */,
				99A919AB1F277A3900EC7E55 /* Util */,
				99A8FD611F2610E6004CCC8E /* AppDelegate.swift */,
				99A8FD651F2610E7004CCC8E /* Main.storyboard */,
				99A8FD681F2610E7004CCC8E /* Assets.xcassets */,
				99A8FD6A1F2610E7004CCC8E /* LaunchScreen.storyboard */,
				99A8FD6D1F2610E7004CCC8E /* Info.plist */,
			);
			path = Pokedex;
			sourceTree = "<group>";
		};
		99A8FD751F2610E7004CCC8E /* PokedexTests */ = {
			isa = PBXGroup;
			children = (
				99A8FD761F2610E7004CCC8E /* PokedexTests.swift */,
				99A8FD781F2610E7004CCC8E /* Info.plist */,
			);
			path = PokedexTests;
			sourceTree = "<group>";
		};
		99A8FD801F2610E7004CCC8E /* PokedexUITests */ = {
			isa = PBXGroup;
			children = (
				99A8FD811F2610E7004CCC8E /* PokedexUITests.swift */,
				99A8FD831F2610E7004CCC8E /* Info.plist */,
			);
			path = PokedexUITests;
			sourceTree = "<group>";
		};
		99A8FD911F2628A0004CCC8E /* Controller */ = {
			isa = PBXGroup;
			children = (
				99A8FD631F2610E7004CCC8E /* ViewController.swift */,
				99A919B01F28A9F600EC7E55 /* PokemonDetailVC.swift */,
			);
			name = Controller;
			sourceTree = "<group>";
		};
		99A8FD931F2628BA004CCC8E /* View */ = {
			isa = PBXGroup;
			children = (
				9963ECE01F27554600C62E04 /* PokeCell.swift */,
			);
			name = View;
			sourceTree = "<group>";
		};
		99A8FD941F2628C4004CCC8E /* Model */ = {
			isa = PBXGroup;
			children = (
				99A8FD951F2647EA004CCC8E /* Pokemon.swift */,
			);
			name = Model;
			sourceTree = "<group>";
		};
		99A919AA1F277A1100EC7E55 /* Resources */ = {
			isa = PBXGroup;
			children = (
				99A919AE1F277C6A00EC7E55 /* music.mp3 */,
				99A919AC1F277B4C00EC7E55 /* pokemon_solid.ttf */,
				99A8FD8F1F262892004CCC8E /* pokemon.csv */,
				99A919A81F2779C400EC7E55 /* pokemon.ttf */,
			);
			name = Resources;
			sourceTree = "<group>";
		};
		99A919AB1F277A3900EC7E55 /* Util */ = {
			isa = PBXGroup;
			children = (
				99A919A61F27715400EC7E55 /* csv.swift */,
				99A919B21F29F2DE00EC7E55 /* Constants.swift */,
			);
			name = Util;
			sourceTree = "<group>";
		};
		C6DCC61475C2E085F6CF7229 /* Frameworks */ = {
			isa = PBXGroup;
			children = (
				C5DE677C5AF232C955DE2658 /* Pods_Pokedex.framework */,
				EF1BC8D939AE7012CB50AA23 /* Pods_PokedexTests.framework */,
				ED83CD9B562458FFD796B388 /* Pods_PokedexUITests.framework */,
			);
			name = Frameworks;
			sourceTree = "<group>";
		};
		FA0474232589099047AB0D64 /* Pods */ = {
			isa = PBXGroup;
			children = (
				BF999CAC0938CE8F1998DE3C /* Pods-Pokedex.debug.xcconfig */,
				82EE68CAC1C65253DBF5F32F /* Pods-Pokedex.release.xcconfig */,
				3D5774D06402EFB1806F52F6 /* Pods-PokedexTests.debug.xcconfig */,
				3B612DEC3DE807A19EC1AB64 /* Pods-PokedexTests.release.xcconfig */,
				D454855F5D726AF3EAD0E939 /* Pods-PokedexUITests.debug.xcconfig */,
				9A4D72D50AE27FFA682CB2E9 /* Pods-PokedexUITests.release.xcconfig */,
			);
			name = Pods;
			sourceTree = "<group>";
		};
/* End PBXGroup section */

/* Begin PBXNativeTarget section */
		99A8FD5D1F2610E6004CCC8E /* Pokedex */ = {
			isa = PBXNativeTarget;
			buildConfigurationList = 99A8FD861F2610E7004CCC8E /* Build configuration list for PBXNativeTarget "Pokedex" */;
			buildPhases = (
				B104299CA772E071E4AC64AA /* [CP] Check Pods Manifest.lock */,
				99A8FD5A1F2610E6004CCC8E /* Sources */,
				99A8FD5B1F2610E6004CCC8E /* Frameworks */,
				99A8FD5C1F2610E6004CCC8E /* Resources */,
				1350669508832C26E660BC8A /* [CP] Embed Pods Frameworks */,
				A62F41C76FCD4AFC1D35AB94 /* [CP] Copy Pods Resources */,
			);
			buildRules = (
			);
			dependencies = (
			);
			name = Pokedex;
			productName = Pokedex;
			productReference = 99A8FD5E1F2610E6004CCC8E /* Pokedex.app */;
			productType = "com.apple.product-type.application";
		};
		99A8FD711F2610E7004CCC8E /* PokedexTests */ = {
			isa = PBXNativeTarget;
			buildConfigurationList = 99A8FD891F2610E7004CCC8E /* Build configuration list for PBXNativeTarget "PokedexTests" */;
			buildPhases = (
				4CB3F62CC0068AC60A4B090B /* [CP] Check Pods Manifest.lock */,
				99A8FD6E1F2610E7004CCC8E /* Sources */,
				99A8FD6F1F2610E7004CCC8E /* Frameworks */,
				99A8FD701F2610E7004CCC8E /* Resources */,
				772AFB883082B1AFB400F49D /* [CP] Embed Pods Frameworks */,
				EDAD0CF38F4A8AE386A7CFA4 /* [CP] Copy Pods Resources */,
			);
			buildRules = (
			);
			dependencies = (
				99A8FD741F2610E7004CCC8E /* PBXTargetDependency */,
			);
			name = PokedexTests;
			productName = PokedexTests;
			productReference = 99A8FD721F2610E7004CCC8E /* PokedexTests.xctest */;
			productType = "com.apple.product-type.bundle.unit-test";
		};
		99A8FD7C1F2610E7004CCC8E /* PokedexUITests */ = {
			isa = PBXNativeTarget;
			buildConfigurationList = 99A8FD8C1F2610E7004CCC8E /* Build configuration list for PBXNativeTarget "PokedexUITests" */;
			buildPhases = (
				D208D9A10C2CC7887563AA46 /* [CP] Check Pods Manifest.lock */,
				99A8FD791F2610E7004CCC8E /* Sources */,
				99A8FD7A1F2610E7004CCC8E /* Frameworks */,
				99A8FD7B1F2610E7004CCC8E /* Resources */,
				763AA5BA5896D2EF88D95605 /* [CP] Embed Pods Frameworks */,
				E9E7BDDEB25ED84D9A796038 /* [CP] Copy Pods Resources */,
			);
			buildRules = (
			);
			dependencies = (
				99A8FD7F1F2610E7004CCC8E /* PBXTargetDependency */,
			);
			name = PokedexUITests;
			productName = PokedexUITests;
			productReference = 99A8FD7D1F2610E7004CCC8E /* PokedexUITests.xctest */;
			productType = "com.apple.product-type.bundle.ui-testing";
		};
/* End PBXNativeTarget section */

/* Begin PBXProject section */
		99A8FD561F2610E6004CCC8E /* Project object */ = {
			isa = PBXProject;
			attributes = {
				LastSwiftUpdateCheck = 0830;
				LastUpgradeCheck = 0830;
				ORGANIZATIONNAME = "Noroc iOS 1";
				TargetAttributes = {
					99A8FD5D1F2610E6004CCC8E = {
						CreatedOnToolsVersion = 8.3.3;
						DevelopmentTeam = 2AEXXA8FGT;
						LastSwiftMigration = 0830;
						ProvisioningStyle = Automatic;
					};
					99A8FD711F2610E7004CCC8E = {
						CreatedOnToolsVersion = 8.3.3;
						LastSwiftMigration = 0830;
						ProvisioningStyle = Automatic;
						TestTargetID = 99A8FD5D1F2610E6004CCC8E;
					};
					99A8FD7C1F2610E7004CCC8E = {
						CreatedOnToolsVersion = 8.3.3;
						LastSwiftMigration = 0830;
						ProvisioningStyle = Automatic;
						TestTargetID = 99A8FD5D1F2610E6004CCC8E;
					};
				};
			};
			buildConfigurationList = 99A8FD591F2610E6004CCC8E /* Build configuration list for PBXProject "Pokedex" */;
			compatibilityVersion = "Xcode 3.2";
			developmentRegion = English;
			hasScannedForEncodings = 0;
			knownRegions = (
				en,
				Base,
			);
			mainGroup = 99A8FD551F2610E6004CCC8E;
			productRefGroup = 99A8FD5F1F2610E6004CCC8E /* Products */;
			projectDirPath = "";
			projectRoot = "";
			targets = (
				99A8FD5D1F2610E6004CCC8E /* Pokedex */,
				99A8FD711F2610E7004CCC8E /* PokedexTests */,
				99A8FD7C1F2610E7004CCC8E /* PokedexUITests */,
			);
		};
/* End PBXProject section */

/* Begin PBXResourcesBuildPhase section */
		99A8FD5C1F2610E6004CCC8E /* Resources */ = {
			isa = PBXResourcesBuildPhase;
			buildActionMask = 2147483647;
			files = (
				99A8FD6C1F2610E7004CCC8E /* LaunchScreen.storyboard in Resources */,
				99A8FD691F2610E7004CCC8E /* Assets.xcassets in Resources */,
				99A919A91F2779C400EC7E55 /* pokemon.ttf in Resources */,
				99A919AD1F277B4C00EC7E55 /* pokemon_solid.ttf in Resources */,
				99A8FD901F262892004CCC8E /* pokemon.csv in Resources */,
				99A919AF1F277C6A00EC7E55 /* music.mp3 in Resources */,
				99A8FD671F2610E7004CCC8E /* Main.storyboard in Resources */,
			);
			runOnlyForDeploymentPostprocessing = 0;
		};
		99A8FD701F2610E7004CCC8E /* Resources */ = {
			isa = PBXResourcesBuildPhase;
			buildActionMask = 2147483647;
			files = (
			);
			runOnlyForDeploymentPostprocessing = 0;
		};
		99A8FD7B1F2610E7004CCC8E /* Resources */ = {
			isa = PBXResourcesBuildPhase;
			buildActionMask = 2147483647;
			files = (
			);
			runOnlyForDeploymentPostprocessing = 0;
		};
/* End PBXResourcesBuildPhase section */

/* Begin PBXShellScriptBuildPhase section */
		1350669508832C26E660BC8A /* [CP] Embed Pods Frameworks */ = {
			isa = PBXShellScriptBuildPhase;
			buildActionMask = 2147483647;
			files = (
			);
			inputPaths = (
			);
			name = "[CP] Embed Pods Frameworks";
			outputPaths = (
			);
			runOnlyForDeploymentPostprocessing = 0;
			shellPath = /bin/sh;
			shellScript = "\"${SRCROOT}/Pods/Target Support Files/Pods-Pokedex/Pods-Pokedex-frameworks.sh\"\n";
			showEnvVarsInLog = 0;
		};
		4CB3F62CC0068AC60A4B090B /* [CP] Check Pods Manifest.lock */ = {
			isa = PBXShellScriptBuildPhase;
			buildActionMask = 2147483647;
			files = (
			);
			inputPaths = (
			);
			name = "[CP] Check Pods Manifest.lock";
			outputPaths = (
			);
			runOnlyForDeploymentPostprocessing = 0;
			shellPath = /bin/sh;
			shellScript = "diff \"${PODS_PODFILE_DIR_PATH}/Podfile.lock\" \"${PODS_ROOT}/Manifest.lock\" > /dev/null\nif [ $? != 0 ] ; then\n    # print error to STDERR\n    echo \"error: The sandbox is not in sync with the Podfile.lock. Run 'pod install' or update your CocoaPods installation.\" >&2\n    exit 1\nfi\n";
			showEnvVarsInLog = 0;
		};
		763AA5BA5896D2EF88D95605 /* [CP] Embed Pods Frameworks */ = {
			isa = PBXShellScriptBuildPhase;
			buildActionMask = 2147483647;
			files = (
			);
			inputPaths = (
			);
			name = "[CP] Embed Pods Frameworks";
			outputPaths = (
			);
			runOnlyForDeploymentPostprocessing = 0;
			shellPath = /bin/sh;
			shellScript = "\"${SRCROOT}/Pods/Target Support Files/Pods-PokedexUITests/Pods-PokedexUITests-frameworks.sh\"\n";
			showEnvVarsInLog = 0;
		};
		772AFB883082B1AFB400F49D /* [CP] Embed Pods Frameworks */ = {
			isa = PBXShellScriptBuildPhase;
			buildActionMask = 2147483647;
			files = (
			);
			inputPaths = (
			);
			name = "[CP] Embed Pods Frameworks";
			outputPaths = (
			);
			runOnlyForDeploymentPostprocessing = 0;
			shellPath = /bin/sh;
			shellScript = "\"${SRCROOT}/Pods/Target Support Files/Pods-PokedexTests/Pods-PokedexTests-frameworks.sh\"\n";
			showEnvVarsInLog = 0;
		};
		A62F41C76FCD4AFC1D35AB94 /* [CP] Copy Pods Resources */ = {
			isa = PBXShellScriptBuildPhase;
			buildActionMask = 2147483647;
			files = (
			);
			inputPaths = (
			);
			name = "[CP] Copy Pods Resources";
			outputPaths = (
			);
			runOnlyForDeploymentPostprocessing = 0;
			shellPath = /bin/sh;
			shellScript = "\"${SRCROOT}/Pods/Target Support Files/Pods-Pokedex/Pods-Pokedex-resources.sh\"\n";
			showEnvVarsInLog = 0;
		};
		B104299CA772E071E4AC64AA /* [CP] Check Pods Manifest.lock */ = {
			isa = PBXShellScriptBuildPhase;
			buildActionMask = 2147483647;
			files = (
			);
			inputPaths = (
			);
			name = "[CP] Check Pods Manifest.lock";
			outputPaths = (
			);
			runOnlyForDeploymentPostprocessing = 0;
			shellPath = /bin/sh;
			shellScript = "diff \"${PODS_PODFILE_DIR_PATH}/Podfile.lock\" \"${PODS_ROOT}/Manifest.lock\" > /dev/null\nif [ $? != 0 ] ; then\n    # print error to STDERR\n    echo \"error: The sandbox is not in sync with the Podfile.lock. Run 'pod install' or update your CocoaPods installation.\" >&2\n    exit 1\nfi\n";
			showEnvVarsInLog = 0;
		};
		D208D9A10C2CC7887563AA46 /* [CP] Check Pods Manifest.lock */ = {
			isa = PBXShellScriptBuildPhase;
			buildActionMask = 2147483647;
			files = (
			);
			inputPaths = (
			);
			name = "[CP] Check Pods Manifest.lock";
			outputPaths = (
			);
			runOnlyForDeploymentPostprocessing = 0;
			shellPath = /bin/sh;
			shellScript = "diff \"${PODS_PODFILE_DIR_PATH}/Podfile.lock\" \"${PODS_ROOT}/Manifest.lock\" > /dev/null\nif [ $? != 0 ] ; then\n    # print error to STDERR\n    echo \"error: The sandbox is not in sync with the Podfile.lock. Run 'pod install' or update your CocoaPods installation.\" >&2\n    exit 1\nfi\n";
			showEnvVarsInLog = 0;
		};
		E9E7BDDEB25ED84D9A796038 /* [CP] Copy Pods Resources */ = {
			isa = PBXShellScriptBuildPhase;
			buildActionMask = 2147483647;
			files = (
			);
			inputPaths = (
			);
			name = "[CP] Copy Pods Resources";
			outputPaths = (
			);
			runOnlyForDeploymentPostprocessing = 0;
			shellPath = /bin/sh;
			shellScript = "\"${SRCROOT}/Pods/Target Support Files/Pods-PokedexUITests/Pods-PokedexUITests-resources.sh\"\n";
			showEnvVarsInLog = 0;
		};
		EDAD0CF38F4A8AE386A7CFA4 /* [CP] Copy Pods Resources */ = {
			isa = PBXShellScriptBuildPhase;
			buildActionMask = 2147483647;
			files = (
			);
			inputPaths = (
			);
			name = "[CP] Copy Pods Resources";
			outputPaths = (
			);
			runOnlyForDeploymentPostprocessing = 0;
			shellPath = /bin/sh;
			shellScript = "\"${SRCROOT}/Pods/Target Support Files/Pods-PokedexTests/Pods-PokedexTests-resources.sh\"\n";
			showEnvVarsInLog = 0;
		};
/* End PBXShellScriptBuildPhase section */

/* Begin PBXSourcesBuildPhase section */
		99A8FD5A1F2610E6004CCC8E /* Sources */ = {
			isa = PBXSourcesBuildPhase;
			buildActionMask = 2147483647;
			files = (
				9963ECE11F27554600C62E04 /* PokeCell.swift in Sources */,
				99A8FD961F2647EA004CCC8E /* Pokemon.swift in Sources */,
				99A8FD641F2610E7004CCC8E /* ViewController.swift in Sources */,
				99A919B11F28A9F600EC7E55 /* PokemonDetailVC.swift in Sources */,
				99A919B31F29F2DE00EC7E55 /* Constants.swift in Sources */,
				99A8FD621F2610E6004CCC8E /* AppDelegate.swift in Sources */,
				99A919A71F27715400EC7E55 /* csv.swift in Sources */,
			);
			runOnlyForDeploymentPostprocessing = 0;
		};
		99A8FD6E1F2610E7004CCC8E /* Sources */ = {
			isa = PBXSourcesBuildPhase;
			buildActionMask = 2147483647;
			files = (
				99A8FD771F2610E7004CCC8E /* PokedexTests.swift in Sources */,
			);
			runOnlyForDeploymentPostprocessing = 0;
		};
		99A8FD791F2610E7004CCC8E /* Sources */ = {
			isa = PBXSourcesBuildPhase;
			buildActionMask = 2147483647;
			files = (
				99A8FD821F2610E7004CCC8E /* PokedexUITests.swift in Sources */,
			);
			runOnlyForDeploymentPostprocessing = 0;
		};
/* End PBXSourcesBuildPhase section */

/* Begin PBXTargetDependency section */
		99A8FD741F2610E7004CCC8E /* PBXTargetDependency */ = {
			isa = PBXTargetDependency;
			target = 99A8FD5D1F2610E6004CCC8E /* Pokedex */;
			targetProxy = 99A8FD731F2610E7004CCC8E /* PBXContainerItemProxy */;
		};
		99A8FD7F1F2610E7004CCC8E /* PBXTargetDependency */ = {
			isa = PBXTargetDependency;
			target = 99A8FD5D1F2610E6004CCC8E /* Pokedex */;
			targetProxy = 99A8FD7E1F2610E7004CCC8E /* PBXContainerItemProxy */;
		};
/* End PBXTargetDependency section */

/* Begin PBXVariantGroup section */
		99A8FD651F2610E7004CCC8E /* Main.storyboard */ = {
			isa = PBXVariantGroup;
			children = (
				99A8FD661F2610E7004CCC8E /* Base */,
			);
			name = Main.storyboard;
			sourceTree = "<group>";
		};
		99A8FD6A1F2610E7004CCC8E /* LaunchScreen.storyboard */ = {
			isa = PBXVariantGroup;
			children = (
				99A8FD6B1F2610E7004CCC8E /* Base */,
			);
			name = LaunchScreen.storyboard;
			sourceTree = "<group>";
		};
/* End PBXVariantGroup section */

/* Begin XCBuildConfiguration section */
		99A8FD841F2610E7004CCC8E /* Debug */ = {
			isa = XCBuildConfiguration;
			buildSettings = {
				ALWAYS_SEARCH_USER_PATHS = NO;
				CLANG_ANALYZER_NONNULL = YES;
				CLANG_ANALYZER_NUMBER_OBJECT_CONVERSION = YES_AGGRESSIVE;
				CLANG_CXX_LANGUAGE_STANDARD = "gnu++0x";
				CLANG_CXX_LIBRARY = "libc++";
				CLANG_ENABLE_MODULES = YES;
				CLANG_ENABLE_OBJC_ARC = YES;
				CLANG_WARN_BOOL_CONVERSION = YES;
				CLANG_WARN_CONSTANT_CONVERSION = YES;
				CLANG_WARN_DIRECT_OBJC_ISA_USAGE = YES_ERROR;
				CLANG_WARN_DOCUMENTATION_COMMENTS = YES;
				CLANG_WARN_EMPTY_BODY = YES;
				CLANG_WARN_ENUM_CONVERSION = YES;
				CLANG_WARN_INFINITE_RECURSION = YES;
				CLANG_WARN_INT_CONVERSION = YES;
				CLANG_WARN_OBJC_ROOT_CLASS = YES_ERROR;
				CLANG_WARN_SUSPICIOUS_MOVE = YES;
				CLANG_WARN_UNREACHABLE_CODE = YES;
				CLANG_WARN__DUPLICATE_METHOD_MATCH = YES;
				"CODE_SIGN_IDENTITY[sdk=iphoneos*]" = "iPhone Developer";
				COPY_PHASE_STRIP = NO;
				DEBUG_INFORMATION_FORMAT = dwarf;
				ENABLE_STRICT_OBJC_MSGSEND = YES;
				ENABLE_TESTABILITY = YES;
				GCC_C_LANGUAGE_STANDARD = gnu99;
				GCC_DYNAMIC_NO_PIC = NO;
				GCC_NO_COMMON_BLOCKS = YES;
				GCC_OPTIMIZATION_LEVEL = 0;
				GCC_PREPROCESSOR_DEFINITIONS = (
					"DEBUG=1",
					"$(inherited)",
				);
				GCC_WARN_64_TO_32_BIT_CONVERSION = YES;
				GCC_WARN_ABOUT_RETURN_TYPE = YES_ERROR;
				GCC_WARN_UNDECLARED_SELECTOR = YES;
				GCC_WARN_UNINITIALIZED_AUTOS = YES_AGGRESSIVE;
				GCC_WARN_UNUSED_FUNCTION = YES;
				GCC_WARN_UNUSED_VARIABLE = YES;
				IPHONEOS_DEPLOYMENT_TARGET = 10.3;
				MTL_ENABLE_DEBUG_INFO = YES;
				ONLY_ACTIVE_ARCH = YES;
				SDKROOT = iphoneos;
				SWIFT_ACTIVE_COMPILATION_CONDITIONS = DEBUG;
				SWIFT_OPTIMIZATION_LEVEL = "-Onone";
				TARGETED_DEVICE_FAMILY = "1,2";
			};
			name = Debug;
		};
		99A8FD851F2610E7004CCC8E /* Release */ = {
			isa = XCBuildConfiguration;
			buildSettings = {
				ALWAYS_SEARCH_USER_PATHS = NO;
				CLANG_ANALYZER_NONNULL = YES;
				CLANG_ANALYZER_NUMBER_OBJECT_CONVERSION = YES_AGGRESSIVE;
				CLANG_CXX_LANGUAGE_STANDARD = "gnu++0x";
				CLANG_CXX_LIBRARY = "libc++";
				CLANG_ENABLE_MODULES = YES;
				CLANG_ENABLE_OBJC_ARC = YES;
				CLANG_WARN_BOOL_CONVERSION = YES;
				CLANG_WARN_CONSTANT_CONVERSION = YES;
				CLANG_WARN_DIRECT_OBJC_ISA_USAGE = YES_ERROR;
				CLANG_WARN_DOCUMENTATION_COMMENTS = YES;
				CLANG_WARN_EMPTY_BODY = YES;
				CLANG_WARN_ENUM_CONVERSION = YES;
				CLANG_WARN_INFINITE_RECURSION = YES;
				CLANG_WARN_INT_CONVERSION = YES;
				CLANG_WARN_OBJC_ROOT_CLASS = YES_ERROR;
				CLANG_WARN_SUSPICIOUS_MOVE = YES;
				CLANG_WARN_UNREACHABLE_CODE = YES;
				CLANG_WARN__DUPLICATE_METHOD_MATCH = YES;
				"CODE_SIGN_IDENTITY[sdk=iphoneos*]" = "iPhone Developer";
				COPY_PHASE_STRIP = NO;
				DEBUG_INFORMATION_FORMAT = "dwarf-with-dsym";
				ENABLE_NS_ASSERTIONS = NO;
				ENABLE_STRICT_OBJC_MSGSEND = YES;
				GCC_C_LANGUAGE_STANDARD = gnu99;
				GCC_NO_COMMON_BLOCKS = YES;
				GCC_WARN_64_TO_32_BIT_CONVERSION = YES;
				GCC_WARN_ABOUT_RETURN_TYPE = YES_ERROR;
				GCC_WARN_UNDECLARED_SELECTOR = YES;
				GCC_WARN_UNINITIALIZED_AUTOS = YES_AGGRESSIVE;
				GCC_WARN_UNUSED_FUNCTION = YES;
				GCC_WARN_UNUSED_VARIABLE = YES;
				IPHONEOS_DEPLOYMENT_TARGET = 10.3;
				MTL_ENABLE_DEBUG_INFO = NO;
				SDKROOT = iphoneos;
				SWIFT_OPTIMIZATION_LEVEL = "-Owholemodule";
				TARGETED_DEVICE_FAMILY = "1,2";
				VALIDATE_PRODUCT = YES;
			};
			name = Release;
		};
		99A8FD871F2610E7004CCC8E /* Debug */ = {
			isa = XCBuildConfiguration;
			baseConfigurationReference = BF999CAC0938CE8F1998DE3C /* Pods-Pokedex.debug.xcconfig */;
			buildSettings = {
				ASSETCATALOG_COMPILER_APPICON_NAME = AppIcon;
				DEVELOPMENT_TEAM = 2AEXXA8FGT;
				INFOPLIST_FILE = Pokedex/Info.plist;
				LD_RUNPATH_SEARCH_PATHS = "$(inherited) @executable_path/Frameworks";
				PRODUCT_BUNDLE_IDENTIFIER = com.goutham.webrequests.Pokedex;
				PRODUCT_NAME = "$(TARGET_NAME)";
				SWIFT_VERSION = 3.0;
			};
			name = Debug;
		};
		99A8FD881F2610E7004CCC8E /* Release */ = {
			isa = XCBuildConfiguration;
			baseConfigurationReference = 82EE68CAC1C65253DBF5F32F /* Pods-Pokedex.release.xcconfig */;
			buildSettings = {
				ASSETCATALOG_COMPILER_APPICON_NAME = AppIcon;
				DEVELOPMENT_TEAM = 2AEXXA8FGT;
				INFOPLIST_FILE = Pokedex/Info.plist;
				LD_RUNPATH_SEARCH_PATHS = "$(inherited) @executable_path/Frameworks";
				PRODUCT_BUNDLE_IDENTIFIER = com.goutham.webrequests.Pokedex;
				PRODUCT_NAME = "$(TARGET_NAME)";
				SWIFT_VERSION = 3.0;
			};
			name = Release;
		};
		99A8FD8A1F2610E7004CCC8E /* Debug */ = {
			isa = XCBuildConfiguration;
			baseConfigurationReference = 3D5774D06402EFB1806F52F6 /* Pods-PokedexTests.debug.xcconfig */;
			buildSettings = {
				ALWAYS_EMBED_SWIFT_STANDARD_LIBRARIES = YES;
				BUNDLE_LOADER = "$(TEST_HOST)";
				INFOPLIST_FILE = PokedexTests/Info.plist;
				LD_RUNPATH_SEARCH_PATHS = "$(inherited) @executable_path/Frameworks @loader_path/Frameworks";
				PRODUCT_BUNDLE_IDENTIFIER = com.goutham.webrequests.PokedexTests;
				PRODUCT_NAME = "$(TARGET_NAME)";
				SWIFT_VERSION = 3.0;
				TEST_HOST = "$(BUILT_PRODUCTS_DIR)/Pokedex.app/Pokedex";
			};
			name = Debug;
		};
		99A8FD8B1F2610E7004CCC8E /* Release */ = {
			isa = XCBuildConfiguration;
			baseConfigurationReference = 3B612DEC3DE807A19EC1AB64 /* Pods-PokedexTests.release.xcconfig */;
			buildSettings = {
				ALWAYS_EMBED_SWIFT_STANDARD_LIBRARIES = YES;
				BUNDLE_LOADER = "$(TEST_HOST)";
				INFOPLIST_FILE = PokedexTests/Info.plist;
				LD_RUNPATH_SEARCH_PATHS = "$(inherited) @executable_path/Frameworks @loader_path/Frameworks";
				PRODUCT_BUNDLE_IDENTIFIER = com.goutham.webrequests.PokedexTests;
				PRODUCT_NAME = "$(TARGET_NAME)";
				SWIFT_VERSION = 3.0;
				TEST_HOST = "$(BUILT_PRODUCTS_DIR)/Pokedex.app/Pokedex";
			};
			name = Release;
		};
		99A8FD8D1F2610E7004CCC8E /* Debug */ = {
			isa = XCBuildConfiguration;
			baseConfigurationReference = D454855F5D726AF3EAD0E939 /* Pods-PokedexUITests.debug.xcconfig */;
			buildSettings = {
				ALWAYS_EMBED_SWIFT_STANDARD_LIBRARIES = YES;
				INFOPLIST_FILE = PokedexUITests/Info.plist;
				LD_RUNPATH_SEARCH_PATHS = "$(inherited) @executable_path/Frameworks @loader_path/Frameworks";
				PRODUCT_BUNDLE_IDENTIFIER = com.goutham.webrequests.PokedexUITests;
				PRODUCT_NAME = "$(TARGET_NAME)";
				SWIFT_VERSION = 3.0;
				TEST_TARGET_NAME = Pokedex;
			};
			name = Debug;
		};
		99A8FD8E1F2610E7004CCC8E /* Release */ = {
			isa = XCBuildConfiguration;
			baseConfigurationReference = 9A4D72D50AE27FFA682CB2E9 /* Pods-PokedexUITests.release.xcconfig */;
			buildSettings = {
				ALWAYS_EMBED_SWIFT_STANDARD_LIBRARIES = YES;
				INFOPLIST_FILE = PokedexUITests/Info.plist;
				LD_RUNPATH_SEARCH_PATHS = "$(inherited) @executable_path/Frameworks @loader_path/Frameworks";
				PRODUCT_BUNDLE_IDENTIFIER = com.goutham.webrequests.PokedexUITests;
				PRODUCT_NAME = "$(TARGET_NAME)";
				SWIFT_VERSION = 3.0;
				TEST_TARGET_NAME = Pokedex;
			};
			name = Release;
		};
/* End XCBuildConfiguration section */

/* Begin XCConfigurationList section */
		99A8FD591F2610E6004CCC8E /* Build configuration list for PBXProject "Pokedex" */ = {
			isa = XCConfigurationList;
			buildConfigurations = (
				99A8FD841F2610E7004CCC8E /* Debug */,
				99A8FD851F2610E7004CCC8E /* Release */,
			);
			defaultConfigurationIsVisible = 0;
			defaultConfigurationName = Release;
		};
		99A8FD861F2610E7004CCC8E /* Build configuration list for PBXNativeTarget "Pokedex" */ = {
			isa = XCConfigurationList;
			buildConfigurations = (
				99A8FD871F2610E7004CCC8E /* Debug */,
				99A8FD881F2610E7004CCC8E /* Release */,
			);
			defaultConfigurationIsVisible = 0;
			defaultConfigurationName = Release;
		};
		99A8FD891F2610E7004CCC8E /* Build configuration list for PBXNativeTarget "PokedexTests" */ = {
			isa = XCConfigurationList;
			buildConfigurations = (
				99A8FD8A1F2610E7004CCC8E /* Debug */,
				99A8FD8B1F2610E7004CCC8E /* Release */,
			);
			defaultConfigurationIsVisible = 0;
			defaultConfigurationName = Release;
		};
		99A8FD8C1F2610E7004CCC8E /* Build configuration list for PBXNativeTarget "PokedexUITests" */ = {
			isa = XCConfigurationList;
			buildConfigurations = (
				99A8FD8D1F2610E7004CCC8E /* Debug */,
				99A8FD8E1F2610E7004CCC8E /* Release */,
			);
			defaultConfigurationIsVisible = 0;
			defaultConfigurationName = Release;
		};
/* End XCConfigurationList section */
	};
	rootObject = 99A8FD561F2610E6004CCC8E /* Project object */;
}
